
Microsoft Visual Studio Solution File, Format Version 12.00
# Visual Studio Version 17
VisualStudioVersion = 17.12.35527.113 d17.12
MinimumVisualStudioVersion = 10.0.40219.1
Project("{FAE04EC0-301F-11D3-BF4B-00C04F79EFBC}") = "MathTaskVolosevich", "MathTaskVolosevich\MathTaskVolosevich.csproj", "{ACCE0D40-CD24-4BCA-9F42-A74CF28F9F03}"
EndProject
Project("{FAE04EC0-301F-11D3-BF4B-00C04F79EFBC}") = "MathTaskTests", "MathTaskTests\MathTaskTests.csproj", "{0AE53486-8840-48A8-BCF5-F884C904E1A3}"
EndProject
Global
	GlobalSection(SolutionConfigurationPlatforms) = preSolution
		Debug|Any CPU = Debug|Any CPU
		Release|Any CPU = Release|Any CPU
	EndGlobalSection
	GlobalSection(ProjectConfigurationPlatforms) = postSolution
		{ACCE0D40-CD24-4BCA-9F42-A74CF28F9F03}.Debug|Any CPU.ActiveCfg = Debug|Any CPU
		{ACCE0D40-CD24-4BCA-9F42-A74CF28F9F03}.Debug|Any CPU.Build.0 = Debug|Any CPU
		{ACCE0D40-CD24-4BCA-9F42-A74CF28F9F03}.Release|Any CPU.ActiveCfg = Release|Any CPU
		{ACCE0D40-CD24-4BCA-9F42-A74CF28F9F03}.Release|Any CPU.Build.0 = Release|Any CPU
		{0AE53486-8840-48A8-BCF5-F884C904E1A3}.Debug|Any CPU.ActiveCfg = Debug|Any CPU
		{0AE53486-8840-48A8-BCF5-F884C904E1A3}.Debug|Any CPU.Build.0 = Debug|Any CPU
		{0AE53486-8840-48A8-BCF5-F884C904E1A3}.Release|Any CPU.ActiveCfg = Release|Any CPU
		{0AE53486-8840-48A8-BCF5-F884C904E1A3}.Release|Any CPU.Build.0 = Release|Any CPU
	EndGlobalSection
	GlobalSection(SolutionProperties) = preSolution
		HideSolutionNode = FALSE
	EndGlobalSection
EndGlobal
